{
  "nodes": {
    "nixpkgs-audio": {
      "locked": {
        "lastModified": 1776548001,
        "narHash": "sha256-ZSK0NL4a1BwVbbTBoSnWgbJy9HeZFXLYQizjb2DPF24=",
        "owner": "nixos",
        "repo": "nixpkgs",
        "rev": "b12141ef619e0a9c1c84dc8c684040326f27cdcc",
        "type": "github"
      },
      "original": {
        "owner": "nixos",
        "ref": "nixos-unstable",
        "repo": "nixpkgs",
        "type": "github"
      }
    },
    "nixpkgs-dev": {
      "locked": {
        "lastModified": 1777268161,
        "narHash": "sha256-bxrdOn8SCOv8tN4JbTF/TXq7kjo9ag4M+C8yzzIRYbE=",
        "owner": "nixos",
        "repo": "nixpkgs",
        "rev": "1c3fe55ad329cbcb28471bb30f05c9827f724c76",
        "type": "github"
      },
      "original": {
        "owner": "nixos",
        "ref": "nixos-unstable",
        "repo": "nixpkgs",
        "type": "github"
      }
    },
    "nixpkgs-wine": {
      "locked": {
        "lastModified": 1776548001,
        "narHash": "sha256-ZSK0NL4a1BwVbbTBoSnWgbJy9HeZFXLYQizjb2DPF24=",
        "owner": "nixos",
        "repo": "nixpkgs",
        "rev": "b12141ef619e0a9c1c84dc8c684040326f27cdcc",
        "type": "github"
      },
      "original": {
        "owner": "nixos",
        "ref": "nixos-unstable",
        "repo": "nixpkgs",
        "type": "github"
      }
    },
    "nvim-plugin-autotabline": {
      "flake": false,
      "locked": {
        "lastModified": 1696521497,
        "narHash": "sha256-succRuPjRXcWEhcLq4jKVl708yvjR2NIKxiejVJ/4NE=",
        "owner": "mgnsk",
        "repo": "autotabline.nvim",
        "rev": "021191b94f66e84fd38b5beb85df1c7e574a7448",
        "type": "github"
      },
      "original": {
        "owner": "mgnsk",
        "repo": "autotabline.nvim",
        "type": "github"
      }
    },
    "nvim-plugin-dumb-autopairs": {
      "flake": false,
      "locked": {
        "lastModified": 1763402749,
        "narHash": "sha256-H3g+0d5yoWV6om/4PK115qZQIwes7vTyafqhg6mvzXc=",
        "owner": "mgnsk",
        "repo": "dumb-autopairs.nvim",
        "rev": "d1c09e2dc2bff51db22069445cf2c364fca5bb65",
        "type": "github"
      },
      "original": {
        "owner": "mgnsk",
        "repo": "dumb-autopairs.nvim",
        "type": "github"
      }
    },
    "nvim-plugin-nvim-fundo": {
      "flake": false,
      "locked": {
        "lastModified": 1768116224,
        "narHash": "sha256-PGebG5bhwXYJ6cv1wSB/WOJZucoL6FGBiGdxkEtPl04=",
        "owner": "kevinhwang91",
        "repo": "nvim-fundo",
        "rev": "c2b83cb19e4ac475f2b08aaf775afe3da19bc495",
        "type": "github"
      },
      "original": {
        "owner": "kevinhwang91",
        "repo": "nvim-fundo",
        "type": "github"
      }
    },
    "nvim-plugin-tree-sitter-manager": {
      "flake": false,
      "locked": {
        "lastModified": 1777009853,
        "narHash": "sha256-w0jlFLM5CqN728taIJUDicMPMCAa2GfZcWsge8Sxm8s=",
        "owner": "romus204",
        "repo": "tree-sitter-manager.nvim",
        "rev": "33a94d022e3a5a500d878b784ba7fec61559c70a",
        "type": "github"
      },
      "original": {
        "owner": "romus204",
        "repo": "tree-sitter-manager.nvim",
        "type": "github"
      }
    },
    "nvim-plugin-vim-eel": {
      "flake": false,
      "locked": {
        "lastModified": 1716915941,
        "narHash": "sha256-GXatc3lLLqHB1MO+PLARZwdVibRVK5wT0pmGhRvqRUI=",
        "owner": "NlGHT",
        "repo": "vim-eel",
        "rev": "7c1357b098629cf952ff7b2b6900295093c1bbeb",
        "type": "github"
      },
      "original": {
        "owner": "NlGHT",
        "repo": "vim-eel",
        "type": "github"
      }
    },
    "root": {
      "inputs": {
        "nixpkgs-audio": "nixpkgs-audio",
        "nixpkgs-dev": "nixpkgs-dev",
        "nixpkgs-wine": "nixpkgs-wine",
        "nvim-plugin-autotabline": "nvim-plugin-autotabline",
        "nvim-plugin-dumb-autopairs": "nvim-plugin-dumb-autopairs",
        "nvim-plugin-nvim-fundo": "nvim-plugin-nvim-fundo",
        "nvim-plugin-tree-sitter-manager": "nvim-plugin-tree-sitter-manager",
        "nvim-plugin-vim-eel": "nvim-plugin-vim-eel"
      }
    }
  },
  "root": "root",
  "version": 7
}
