{
  "nodes": {
    "nixpkgs-audio": {
      "locked": {
        "lastModified": 1777578337,
        "narHash": "sha256-Ad49moKWeXtKBJNy2ebiTQUEgdLyvGmTeykAQ9xM+Z4=",
        "owner": "nixos",
        "repo": "nixpkgs",
        "rev": "15f4ee454b1dce334612fa6843b3e05cf546efab",
        "type": "github"
      },
      "original": {
        "owner": "nixos",
        "ref": "nixos-unstable",
        "repo": "nixpkgs",
        "type": "github"
      }
    },
    "nixpkgs-dev": {
      "locked": {
        "lastModified": 1778443072,
        "narHash": "sha256-zi7/fsqM/kFdNuED//4WOCUtezGtKKqRNORjMvfwjnA=",
        "owner": "nixos",
        "repo": "nixpkgs",
        "rev": "da5ad661ba4e5ef59ba743f0d112cbc30e474f32",
        "type": "github"
      },
      "original": {
        "owner": "nixos",
        "ref": "nixos-unstable",
        "repo": "nixpkgs",
        "type": "github"
      }
    },
    "nixpkgs-wine": {
      "locked": {
        "lastModified": 1777578337,
        "narHash": "sha256-Ad49moKWeXtKBJNy2ebiTQUEgdLyvGmTeykAQ9xM+Z4=",
        "owner": "nixos",
        "repo": "nixpkgs",
        "rev": "15f4ee454b1dce334612fa6843b3e05cf546efab",
        "type": "github"
      },
      "original": {
        "owner": "nixos",
        "ref": "nixos-unstable",
        "repo": "nixpkgs",
        "type": "github"
      }
    },
    "nvim-plugin-autotabline": {
      "flake": false,
      "locked": {
        "lastModified": 1696521497,
        "narHash": "sha256-succRuPjRXcWEhcLq4jKVl708yvjR2NIKxiejVJ/4NE=",
        "owner": "mgnsk",
        "repo": "autotabline.nvim",
        "rev": "021191b94f66e84fd38b5beb85df1c7e574a7448",
        "type": "github"
      },
      "original": {
        "owner": "mgnsk",
        "repo": "autotabline.nvim",
        "type": "github"
      }
    },
    "nvim-plugin-dumb-autopairs": {
      "flake": false,
      "locked": {
        "lastModified": 1763402749,
        "narHash": "sha256-H3g+0d5yoWV6om/4PK115qZQIwes7vTyafqhg6mvzXc=",
        "owner": "mgnsk",
        "repo": "dumb-autopairs.nvim",
        "rev": "d1c09e2dc2bff51db22069445cf2c364fca5bb65",
        "type": "github"
      },
      "original": {
        "owner": "mgnsk",
        "repo": "dumb-autopairs.nvim",
        "type": "github"
      }
    },
    "nvim-plugin-nvim-fundo": {
      "flake": false,
      "locked": {
        "lastModified": 1768116224,
        "narHash": "sha256-PGebG5bhwXYJ6cv1wSB/WOJZucoL6FGBiGdxkEtPl04=",
        "owner": "kevinhwang91",
        "repo": "nvim-fundo",
        "rev": "c2b83cb19e4ac475f2b08aaf775afe3da19bc495",
        "type": "github"
      },
      "original": {
        "owner": "kevinhwang91",
        "repo": "nvim-fundo",
        "type": "github"
      }
    },
    "nvim-plugin-tree-sitter-manager": {
      "flake": false,
      "locked": {
        "lastModified": 1778156655,
        "narHash": "sha256-w0jlFLM5CqN728taIJUDicMPMCAa2GfZcWsge8Sxm8s=",
        "owner": "romus204",
        "repo": "tree-sitter-manager.nvim",
        "rev": "59e1ba49e33e1b73bef655fd34b5e65e1465053f",
        "type": "github"
      },
      "original": {
        "owner": "romus204",
        "repo": "tree-sitter-manager.nvim",
        "type": "github"
      }
    },
    "root": {
      "inputs": {
        "nixpkgs-audio": "nixpkgs-audio",
        "nixpkgs-dev": "nixpkgs-dev",
        "nixpkgs-wine": "nixpkgs-wine",
        "nvim-plugin-autotabline": "nvim-plugin-autotabline",
        "nvim-plugin-dumb-autopairs": "nvim-plugin-dumb-autopairs",
        "nvim-plugin-nvim-fundo": "nvim-plugin-nvim-fundo",
        "nvim-plugin-tree-sitter-manager": "nvim-plugin-tree-sitter-manager"
      }
    }
  },
  "root": "root",
  "version": 7
}
