" Generated by vim-plug
" Tue 24 Nov 2020 12:40:17 PM EET
" :source this file in vim to restore the snapshot
" or execute: vim -S snapshot.vim

silent! let g:plugs['completion-nvim'].commit = '936bbd17577101a4ffb07ea7f860f77dd8007d43'
silent! let g:plugs['fzf.vim'].commit = '53b3aea0da5e3581e224c958dbc13558cbe5daee'
silent! let g:plugs['gopher.vim'].commit = 'dca8ecb830de46a348cecc737444472ff14f8a6b'
silent! let g:plugs['neoformat'].commit = '0b1c3ed1d19fceb3c7367fe40ef9934819effb13'
silent! let g:plugs['neomake'].commit = '3b611ca24a7b78f7842facf6361404724717af1a'
silent! let g:plugs['nerdcommenter'].commit = '253eafd3a71ce2a48306fe4a7bdfc4208d0c2eb5'
silent! let g:plugs['nvim-lspconfig'].commit = '4f19567fb76438d39ed196ae5b4e06b749e75e16'
silent! let g:plugs['nvim-treesitter'].commit = '1b7cfc1b71027ef3c7efc33a15869fc13c753d9f'
silent! let g:plugs['vim-autoclose'].commit = 'a9a3b7384657bc1f60a963fd6c08c63fc48d61c3'
silent! let g:plugs['vim-delve'].commit = '554b7997caba5d2b38bc4a092e3a468e4abb7f18'
silent! let g:plugs['vim-fugitive'].commit = 'e90478511d68cb8a0d8e5dea9c3629e7f0091f8c'
silent! let g:plugs['vim-gitgutter'].commit = 'bf813bb99070c22c0a462d79f5072adfb391e4e1'
silent! let g:plugs['vim-polyglot'].commit = 'ab0ff253f6ab3cd9d42b6be38d4d912bad5415f9'
silent! let g:plugs['vim-vimscript_indentexpr'].commit = '28fd6a44eb05e534740c6aa2096d0f10fb211974'

PlugUpdate!

