" Generated by vim-plug
" Sun 18 Oct 2020 06:44:25 PM EEST
" :source this file in vim to restore the snapshot
" or execute: vim -S snapshot.vim

silent! let g:plugs['coc.nvim'].commit = 'f143e5355be56a941ce21a1e48ace417dd263e86'
silent! let g:plugs['fzf.vim'].commit = '01f7146cf6e903e31cd900944393bec86c6da4a6'
silent! let g:plugs['gopher.vim'].commit = 'dca8ecb830de46a348cecc737444472ff14f8a6b'
silent! let g:plugs['neomake'].commit = 'a3082cca83424e28730c738cf33157326b0be5ba'
silent! let g:plugs['nerdcommenter'].commit = 'fade3d4b26f5a0d58f256a06ba7b0a04d9fb4f3b'
silent! let g:plugs['nerdtree'].commit = '14af89743ac1c31ff9bb43682025eda50333a7d5'
silent! let g:plugs['nerdtree-git-plugin'].commit = '01b84c63b9ba48628285779fbdfd046dd2bc2970'
silent! let g:plugs['nerdtree-visual-selection'].commit = '06e550d320d7299923c9abd3f62d9165d99f3f33'
silent! let g:plugs['php.vim'].commit = '930aec5c7026297a6630bd2940c08c5ff552cf2a'
silent! let g:plugs['rust.vim'].commit = '96e79e397126be1a64fb53d8e3656842fe1a4532'
silent! let g:plugs['vim-autoclose'].commit = 'a9a3b7384657bc1f60a963fd6c08c63fc48d61c3'
silent! let g:plugs['vim-delve'].commit = 'd4f0e265f8ba10a39b46ed4b0a0cf17668abf676'
silent! let g:plugs['vim-fugitive'].commit = '89e6b5e4e1d8152bfc3c26aa2655c0342d0809d1'
silent! let g:plugs['vim-gitgutter'].commit = 'ea79bc01c2efc84cf8e71fbe5fd8adbf4242739d'
silent! let g:plugs['vim-glsl'].commit = '36266238d96cd2219769793855a7e915f5e6a32c'
silent! let g:plugs['vim-lsp-cxx-highlight'].commit = '7c47d39d808118f0ef030b15db28ff3995d91cb6'
silent! let g:plugs['vista.vim'].commit = '27889ff58d4340167bb8dd4abbe9ff4a8869da8f'

PlugUpdate!

