" Generated by vim-plug
" Sun 15 Nov 2020 06:29:07 PM EET
" :source this file in vim to restore the snapshot
" or execute: vim -S snapshot.vim

silent! let g:plugs['completion-nvim'].commit = '3b6774ed1c1b4720efe3385f06883483f5e16884'
silent! let g:plugs['firenvim'].commit = '1dc331065930a9ca9446c8902e4c350d4c8d28e7'
silent! let g:plugs['fzf.vim'].commit = '53b3aea0da5e3581e224c958dbc13558cbe5daee'
silent! let g:plugs['gopher.vim'].commit = 'dca8ecb830de46a348cecc737444472ff14f8a6b'
silent! let g:plugs['neoformat'].commit = '0b1c3ed1d19fceb3c7367fe40ef9934819effb13'
silent! let g:plugs['neomake'].commit = '3b611ca24a7b78f7842facf6361404724717af1a'
silent! let g:plugs['nerdcommenter'].commit = '85750560a680907c50c1545abc4dd0e0b2452ff4'
silent! let g:plugs['nvim-lspconfig'].commit = '79600c88ba58a9586ec9ef180832a4421b77b93a'
silent! let g:plugs['vim-autoclose'].commit = 'a9a3b7384657bc1f60a963fd6c08c63fc48d61c3'
silent! let g:plugs['vim-delve'].commit = '554b7997caba5d2b38bc4a092e3a468e4abb7f18'
silent! let g:plugs['vim-fugitive'].commit = '1a77f1c00e12e8460f39098ec3289c5433d32512'
silent! let g:plugs['vim-gitgutter'].commit = '987a33355ef424161fdbc4e5d625b5b5aed9704c'
silent! let g:plugs['vim-polyglot'].commit = '4af1321588c7dcb718022226cb27ec325973c2f0'
silent! let g:plugs['vim-vimscript_indentexpr'].commit = '28fd6a44eb05e534740c6aa2096d0f10fb211974'

PlugUpdate!

